# THIS IS AN AUTOGENERATED FILE. DO NOT EDIT THIS FILE DIRECTLY.
# yarn lockfile v1


"@nanostores/vue@^0.7.0":
  version "0.7.0"
  resolved "https://registry.yarnpkg.com/@nanostores/vue/-/vue-0.7.0.tgz#cf0b97d3a8924c4815656792383f0003d606401d"
  integrity sha512-xQiiMlj0dFTAgjxXahPQQcGit7HpTo/lHKwAXg8yRyC6IkoB55tCsRBbAouMLSB4bdBoCgCmuKWcv7MRX1t9Zw==

"@types/web-bluetooth@^0.0.16":
  version "0.0.16"
  resolved "https://registry.yarnpkg.com/@types/web-bluetooth/-/web-bluetooth-0.0.16.tgz#1d12873a8e49567371f2a75fe3e7f7edca6662d8"
  integrity sha512-oh8q2Zc32S6gd/j50GowEjKLoOVOwHP/bWVjKJInBwQqdOYMdPrf1oVlelTlyfFK3CKxL1uahMDAr+vy8T7yMQ==

"@vueuse/core@^9.1.1", "@vueuse/core@^9.13.0":
  version "9.13.0"
  resolved "https://registry.yarnpkg.com/@vueuse/core/-/core-9.13.0.tgz#2f69e66d1905c1e4eebc249a01759cf88ea00cf4"
  integrity sha512-pujnclbeHWxxPRqXWmdkKV5OX4Wk4YeK7wusHqRwU0Q7EFusHoqNA/aPhB6KCh9hEqJkLAJo7bb0Lh9b+OIVzw==
  dependencies:
    "@types/web-bluetooth" "^0.0.16"
    "@vueuse/metadata" "9.13.0"
    "@vueuse/shared" "9.13.0"
    vue-demi "*"

"@vueuse/metadata@9.13.0":
  version "9.13.0"
  resolved "https://registry.yarnpkg.com/@vueuse/metadata/-/metadata-9.13.0.tgz#bc25a6cdad1b1a93c36ce30191124da6520539ff"
  integrity sha512-gdU7TKNAUVlXXLbaF+ZCfte8BjRJQWPCa2J55+7/h+yDtzw3vOoGQDRXzI6pyKyo6bXFT5/QoPE4hAknExjRLQ==

"@vueuse/shared@9.13.0":
  version "9.13.0"
  resolved "https://registry.yarnpkg.com/@vueuse/shared/-/shared-9.13.0.tgz#089ff4cc4e2e7a4015e57a8f32e4b39d096353b9"
  integrity sha512-UrnhU+Cnufu4S6JLCPZnkWh0WwZGUp72ktOF2DFptMlOs3TOdVv8xJN53zhHGARmVOsz5KqOls09+J1NR6sBKw==
  dependencies:
    vue-demi "*"

base-64@^1.0.0:
  version "1.0.0"
  resolved "https://registry.yarnpkg.com/base-64/-/base-64-1.0.0.tgz#09d0f2084e32a3fd08c2475b973788eee6ae8f4a"
  integrity sha512-kwDPIFCGx0NZHog36dj+tHiwP4QMzsZ3AgMViUBKI0+V5n4U0ufTCUMhnQ04diaRI8EX/QcPfql7zlhZ7j4zgg==

highlight.js@^11.6.0, highlight.js@^11.7.0:
  version "11.7.0"
  resolved "https://registry.yarnpkg.com/highlight.js/-/highlight.js-11.7.0.tgz#3ff0165bc843f8c9bce1fd89e2fda9143d24b11e"
  integrity sha512-1rRqesRFhMO/PRF+G86evnyJkCgaZFOI+Z6kdj15TA18funfoqJXvgPCLSf0SWq3SRfg1j3HlDs8o4s3EGq1oQ==

nanostores@^0.7.4:
  version "0.7.4"
  resolved "https://registry.yarnpkg.com/nanostores/-/nanostores-0.7.4.tgz#2e9b8e08d5f82748309ddc79f3e201700f49f766"
  integrity sha512-MBeUVt7NBcXqh7AGT+KSr3O0X/995CZsvcP2QEMP+PXFwb07qv3Vjyq+EX0yS8f12Vv3Tn2g/BvK/OZoMhJlOQ==

node-fetch@^2.6.1:
  version "2.6.9"
  resolved "https://registry.yarnpkg.com/node-fetch/-/node-fetch-2.6.9.tgz#7c7f744b5cc6eb5fd404e0c7a9fec630a55657e6"
  integrity sha512-DJm/CJkZkRjKKj4Zi4BsKVZh3ValV5IR5s7LVZnW+6YMh0W1BfNA8XSs6DLMGYlId5F3KnA70uu2qepcR08Qqg==
  dependencies:
    whatwg-url "^5.0.0"

pyodide@^0.22.1:
  version "0.22.1"
  resolved "https://registry.yarnpkg.com/pyodide/-/pyodide-0.22.1.tgz#45bfab36ef332ec7fed6fb9736ab13ebd54f05d1"
  integrity sha512-6+PkFLTC+kcBKtFQxYBxR44J5IBxLm8UGkobLgZv1SxzV9qOU2rb0YYf0qDtlnfDiN/IQd2uckf+D8Zwe88Mqg==
  dependencies:
    base-64 "^1.0.0"
    node-fetch "^2.6.1"
    ws "^8.5.0"

tr46@~0.0.3:
  version "0.0.3"
  resolved "https://registry.yarnpkg.com/tr46/-/tr46-0.0.3.tgz#8184fd347dac9cdc185992f3a6622e14b9d9ab6a"
  integrity sha512-N3WMsuqV66lT30CrXNbEjx4GEwlow3v6rr4mCcv6prnfwhS01rkgyFdjPNBYd9br7LpXV1+Emh01fHnq2Gdgrw==

usepython@^0.0.10:
  version "0.0.10"
  resolved "https://registry.yarnpkg.com/usepython/-/usepython-0.0.10.tgz#b0b67004a61187021210ec2a14b39e29abacab55"
  integrity sha512-5GOYeL9KiK1tgeL+koIhFMjMfrdtiGu5igatZr9aBas0+KtyE6C73fYV36mBam4DxExuv3epPRmzVlzszre6ew==
  dependencies:
    nanostores "^0.7.4"
    pyodide "^0.22.1"

vue-demi@*:
  version "0.13.11"
  resolved "https://registry.yarnpkg.com/vue-demi/-/vue-demi-0.13.11.tgz#7d90369bdae8974d87b1973564ad390182410d99"
  integrity sha512-IR8HoEEGM65YY3ZJYAjMlKygDQn25D5ajNFNoKh9RSDMQtlzCxtfQjdQgv9jjK+m3377SsJXY8ysq8kLCZL25A==

vuecodit@^0.0.10:
  version "0.0.10"
  resolved "https://registry.yarnpkg.com/vuecodit/-/vuecodit-0.0.10.tgz#9d16561a740b8b961bda5ba15ec4a08f2074c4f8"
  integrity sha512-w21HMzI+xMDDrle//QEqO3WzF0V752tHfoAJS8nEqlsiV2DhTGF1flBsxSZDdN/mOov/IIysitwdUSPjbFWBig==
  dependencies:
    "@vueuse/core" "^9.1.1"
    highlight.js "^11.6.0"

vuepython@^0.0.16:
  version "0.0.16"
  resolved "https://registry.yarnpkg.com/vuepython/-/vuepython-0.0.16.tgz#44c06c07b08ffdfaac9015772676b77fcfdc216d"
  integrity sha512-Xqunx+oDA0RC4/GC18HR3HOFuEE32B1vWd3DSTuMGZhUUBDr9wMfpFrzJ5ERAlkK3R1bA2FhgLGJb1lKY88w3g==
  dependencies:
    "@nanostores/vue" "^0.7.0"
    "@vueuse/core" "^9.13.0"
    highlight.js "^11.7.0"
    usepython "^0.0.10"
    vuecodit "^0.0.10"

webidl-conversions@^3.0.0:
  version "3.0.1"
  resolved "https://registry.yarnpkg.com/webidl-conversions/-/webidl-conversions-3.0.1.tgz#24534275e2a7bc6be7bc86611cc16ae0a5654871"
  integrity sha512-2JAn3z8AR6rjK8Sm8orRC0h/bcl/DqL7tRPdGZ4I1CjdF+EaMLmYxBHyXuKL849eucPFhvBoxMsflfOb8kxaeQ==

whatwg-url@^5.0.0:
  version "5.0.0"
  resolved "https://registry.yarnpkg.com/whatwg-url/-/whatwg-url-5.0.0.tgz#966454e8765462e37644d3626f6742ce8b70965d"
  integrity sha512-saE57nupxk6v3HY35+jzBwYa0rKSy0XR8JSxZPwgLr7ys0IBzhGviA1/TUGJLmSVqs8pb9AnvICXEuOHLprYTw==
  dependencies:
    tr46 "~0.0.3"
    webidl-conversions "^3.0.0"

ws@^8.5.0:
  version "8.13.0"
  resolved "https://registry.yarnpkg.com/ws/-/ws-8.13.0.tgz#9a9fb92f93cf41512a0735c8f4dd09b8a1211cd0"
  integrity sha512-x9vcZYTrFPC7aSIbj7sRCYo7L/Xb8Iy+pW0ng0wt2vCJv7M9HOMy0UoN3rr+IFC7hb7vXoqS+P9ktyLLLhO+LA==
